// !$*UTF8*$!
{
	archiveVersion = 1;
	classes = {
	};
	objectVersion = 77;
	objects = {

/* Begin PBXBuildFile section */
		3E6C4E3ABA72C6E7AC6889D9 /* GoogleSignIn in Frameworks */ = {isa = PBXBuildFile; productRef = F18EC7766AF8507ADB404C4E /* GoogleSignIn */; };
		C22E6AC62F2CD62800CB6413 /* FirebaseAuth in Frameworks */ = {isa = PBXBuildFile; productRef = C22E6AC52F2CD62800CB6413 /* FirebaseAuth */; };
		C22E6AC82F2CD62800CB6413 /* FirebaseFirestore in Frameworks */ = {isa = PBXBuildFile; productRef = C22E6AC72F2CD62800CB6413 /* FirebaseFirestore */; };
		C250A9D62F2D2E7400681648 /* Connect in Frameworks */ = {isa = PBXBuildFile; productRef = C250A9D52F2D2E7400681648 /* Connect */; };
		C29F38F82F2D18EF00163F1C /* SwiftProtobuf in Frameworks */ = {isa = PBXBuildFile; productRef = C29F38F72F2D18EF00163F1C /* SwiftProtobuf */; };
/* End PBXBuildFile section */

/* Begin PBXContainerItemProxy section */
		C22E6AA82F2CC89500CB6413 /* PBXContainerItemProxy */ = {
			isa = PBXContainerItemProxy;
			containerPortal = C22E6A922F2CC89400CB6413 /* Project object */;
			proxyType = 1;
			remoteGlobalIDString = C22E6A992F2CC89400CB6413;
			remoteInfo = CheckMate;
		};
		C22E6AB22F2CC89500CB6413 /* PBXContainerItemProxy */ = {
			isa = PBXContainerItemProxy;
			containerPortal = C22E6A922F2CC89400CB6413 /* Project object */;
			proxyType = 1;
			remoteGlobalIDString = C22E6A992F2CC89400CB6413;
			remoteInfo = CheckMate;
		};
/* End PBXContainerItemProxy section */

/* Begin PBXFileReference section */
		C22E6A9A2F2CC89400CB6413 /* CheckMate.app */ = {isa = PBXFileReference; explicitFileType = wrapper.application; includeInIndex = 0; path = CheckMate.app; sourceTree = BUILT_PRODUCTS_DIR; };
		C22E6AA72F2CC89500CB6413 /* CheckMateTests.xctest */ = {isa = PBXFileReference; explicitFileType = wrapper.cfbundle; includeInIndex = 0; path = CheckMateTests.xctest; sourceTree = BUILT_PRODUCTS_DIR; };
		C22E6AB12F2CC89500CB6413 /* CheckMateUITests.xctest */ = {isa = PBXFileReference; explicitFileType = wrapper.cfbundle; includeInIndex = 0; path = CheckMateUITests.xctest; sourceTree = BUILT_PRODUCTS_DIR; };
/* End PBXFileReference section */

/* Begin PBXFileSystemSynchronizedBuildFileExceptionSet section */
		556C23B0CE941075D6285A02 /* Exceptions for "CheckMate" folder in "CheckMate" target */ = {
			isa = PBXFileSystemSynchronizedBuildFileExceptionSet;
			membershipExceptions = (
				Info.plist,
			);
			target = C22E6A992F2CC89400CB6413 /* CheckMate */;
		};
/* End PBXFileSystemSynchronizedBuildFileExceptionSet section */

/* Begin PBXFileSystemSynchronizedRootGroup section */
		C22E6A9C2F2CC89400CB6413 /* CheckMate */ = {
			isa = PBXFileSystemSynchronizedRootGroup;
			exceptions = (
				556C23B0CE941075D6285A02 /* Exceptions for "CheckMate" folder in "CheckMate" target */,
			);
			path = CheckMate;
			sourceTree = "<group>";
		};
		C22E6AAA2F2CC89500CB6413 /* CheckMateTests */ = {
			isa = PBXFileSystemSynchronizedRootGroup;
			path = CheckMateTests;
			sourceTree = "<group>";
		};
		C22E6AB42F2CC89500CB6413 /* CheckMateUITests */ = {
			isa = PBXFileSystemSynchronizedRootGroup;
			path = CheckMateUITests;
			sourceTree = "<group>";
		};
		C2B8B1E92F3E1F2A00D0C0A1 /* proto */ = {
			isa = PBXFileSystemSynchronizedRootGroup;
			path = proto;
			sourceTree = "<group>";
		};
/* End PBXFileSystemSynchronizedRootGroup section */

/* Begin PBXFrameworksBuildPhase section */
		C22E6A972F2CC89400CB6413 /* Frameworks */ = {
			isa = PBXFrameworksBuildPhase;
			buildActionMask = 2147483647;
			files = (
				C22E6AC62F2CD62800CB6413 /* FirebaseAuth in Frameworks */,
				C22E6AC82F2CD62800CB6413 /* FirebaseFirestore in Frameworks */,
				C250A9D62F2D2E7400681648 /* Connect in Frameworks */,
				3E6C4E3ABA72C6E7AC6889D9 /* GoogleSignIn in Frameworks */,
				C29F38F82F2D18EF00163F1C /* SwiftProtobuf in Frameworks */,
			);
			runOnlyForDeploymentPostprocessing = 0;
		};
		C22E6AA42F2CC89500CB6413 /* Frameworks */ = {
			isa = PBXFrameworksBuildPhase;
			buildActionMask = 2147483647;
			files = (
			);
			runOnlyForDeploymentPostprocessing = 0;
		};
		C22E6AAE2F2CC89500CB6413 /* Frameworks */ = {
			isa = PBXFrameworksBuildPhase;
			buildActionMask = 2147483647;
			files = (
			);
			runOnlyForDeploymentPostprocessing = 0;
		};
/* End PBXFrameworksBuildPhase section */

/* Begin PBXGroup section */
		C22E6A912F2CC89400CB6413 = {
			isa = PBXGroup;
			children = (
				C22E6A9C2F2CC89400CB6413 /* CheckMate */,
				C2B8B1E92F3E1F2A00D0C0A1 /* proto */,
				C22E6AAA2F2CC89500CB6413 /* CheckMateTests */,
				C22E6AB42F2CC89500CB6413 /* CheckMateUITests */,
				C22E6A9B2F2CC89400CB6413 /* Products */,
			);
			sourceTree = "<group>";
		};
		C22E6A9B2F2CC89400CB6413 /* Products */ = {
			isa = PBXGroup;
			children = (
				C22E6A9A2F2CC89400CB6413 /* CheckMate.app */,
				C22E6AA72F2CC89500CB6413 /* CheckMateTests.xctest */,
				C22E6AB12F2CC89500CB6413 /* CheckMateUITests.xctest */,
			);
			name = Products;
			sourceTree = "<group>";
		};
/* End PBXGroup section */

/* Begin PBXNativeTarget section */
		C22E6A992F2CC89400CB6413 /* CheckMate */ = {
			isa = PBXNativeTarget;
			buildConfigurationList = C22E6ABB2F2CC89500CB6413 /* Build configuration list for PBXNativeTarget "CheckMate" */;
			buildPhases = (
				C22E6A962F2CC89400CB6413 /* Sources */,
				C22E6A972F2CC89400CB6413 /* Frameworks */,
				C22E6A982F2CC89400CB6413 /* Resources */,
			);
			buildRules = (
			);
			dependencies = (
			);
			fileSystemSynchronizedGroups = (
				C22E6A9C2F2CC89400CB6413 /* CheckMate */,
				C2B8B1E92F3E1F2A00D0C0A1 /* proto */,
			);
			name = CheckMate;
			packageProductDependencies = (
				C22E6AC52F2CD62800CB6413 /* FirebaseAuth */,
				C22E6AC72F2CD62800CB6413 /* FirebaseFirestore */,
				F18EC7766AF8507ADB404C4E /* GoogleSignIn */,
				C29F38F72F2D18EF00163F1C /* SwiftProtobuf */,
				C250A9D52F2D2E7400681648 /* Connect */,
			);
			productName = CheckMate;
			productReference = C22E6A9A2F2CC89400CB6413 /* CheckMate.app */;
			productType = "com.apple.product-type.application";
		};
		C22E6AA62F2CC89500CB6413 /* CheckMateTests */ = {
			isa = PBXNativeTarget;
			buildConfigurationList = C22E6ABE2F2CC89500CB6413 /* Build configuration list for PBXNativeTarget "CheckMateTests" */;
			buildPhases = (
				C22E6AA32F2CC89500CB6413 /* Sources */,
				C22E6AA42F2CC89500CB6413 /* Frameworks */,
				C22E6AA52F2CC89500CB6413 /* Resources */,
			);
			buildRules = (
			);
			dependencies = (
				C22E6AA92F2CC89500CB6413 /* PBXTargetDependency */,
			);
			fileSystemSynchronizedGroups = (
				C22E6AAA2F2CC89500CB6413 /* CheckMateTests */,
			);
			name = CheckMateTests;
			packageProductDependencies = (
			);
			productName = CheckMateTests;
			productReference = C22E6AA72F2CC89500CB6413 /* CheckMateTests.xctest */;
			productType = "com.apple.product-type.bundle.unit-test";
		};
		C22E6AB02F2CC89500CB6413 /* CheckMateUITests */ = {
			isa = PBXNativeTarget;
			buildConfigurationList = C22E6AC12F2CC89500CB6413 /* Build configuration list for PBXNativeTarget "CheckMateUITests" */;
			buildPhases = (
				C22E6AAD2F2CC89500CB6413 /* Sources */,
				C22E6AAE2F2CC89500CB6413 /* Frameworks */,
				C22E6AAF2F2CC89500CB6413 /* Resources */,
			);
			buildRules = (
			);
			dependencies = (
				C22E6AB32F2CC89500CB6413 /* PBXTargetDependency */,
			);
			fileSystemSynchronizedGroups = (
				C22E6AB42F2CC89500CB6413 /* CheckMateUITests */,
			);
			name = CheckMateUITests;
			packageProductDependencies = (
			);
			productName = CheckMateUITests;
			productReference = C22E6AB12F2CC89500CB6413 /* CheckMateUITests.xctest */;
			productType = "com.apple.product-type.bundle.ui-testing";
		};
/* End PBXNativeTarget section */

/* Begin PBXProject section */
		C22E6A922F2CC89400CB6413 /* Project object */ = {
			isa = PBXProject;
			attributes = {
				BuildIndependentTargetsInParallel = 1;
				LastSwiftUpdateCheck = 2600;
				LastUpgradeCheck = 2600;
				TargetAttributes = {
					C22E6A992F2CC89400CB6413 = {
						CreatedOnToolsVersion = 26.0.1;
					};
					C22E6AA62F2CC89500CB6413 = {
						CreatedOnToolsVersion = 26.0.1;
						TestTargetID = C22E6A992F2CC89400CB6413;
					};
					C22E6AB02F2CC89500CB6413 = {
						CreatedOnToolsVersion = 26.0.1;
						TestTargetID = C22E6A992F2CC89400CB6413;
					};
				};
			};
			buildConfigurationList = C22E6A952F2CC89400CB6413 /* Build configuration list for PBXProject "CheckMate" */;
			developmentRegion = en;
			hasScannedForEncodings = 0;
			knownRegions = (
				en,
				Base,
			);
			mainGroup = C22E6A912F2CC89400CB6413;
			minimizedProjectReferenceProxies = 1;
			packageReferences = (
				C22E6AC42F2CD62800CB6413 /* XCRemoteSwiftPackageReference "firebase-ios-sdk" */,
				3416A0855CD1454B23419347 /* XCRemoteSwiftPackageReference "GoogleSignIn-iOS" */,
				C29F38F62F2D18EF00163F1C /* XCRemoteSwiftPackageReference "swift-protobuf" */,
				C250A9D42F2D2E7400681648 /* XCRemoteSwiftPackageReference "connect-swift" */,
			);
			preferredProjectObjectVersion = 77;
			productRefGroup = C22E6A9B2F2CC89400CB6413 /* Products */;
			projectDirPath = "";
			projectRoot = "";
			targets = (
				C22E6A992F2CC89400CB6413 /* CheckMate */,
				C22E6AA62F2CC89500CB6413 /* CheckMateTests */,
				C22E6AB02F2CC89500CB6413 /* CheckMateUITests */,
			);
		};
/* End PBXProject section */

/* Begin PBXResourcesBuildPhase section */
		C22E6A982F2CC89400CB6413 /* Resources */ = {
			isa = PBXResourcesBuildPhase;
			buildActionMask = 2147483647;
			files = (
			);
			runOnlyForDeploymentPostprocessing = 0;
		};
		C22E6AA52F2CC89500CB6413 /* Resources */ = {
			isa = PBXResourcesBuildPhase;
			buildActionMask = 2147483647;
			files = (
			);
			runOnlyForDeploymentPostprocessing = 0;
		};
		C22E6AAF2F2CC89500CB6413 /* Resources */ = {
			isa = PBXResourcesBuildPhase;
			buildActionMask = 2147483647;
			files = (
			);
			runOnlyForDeploymentPostprocessing = 0;
		};
/* End PBXResourcesBuildPhase section */

/* Begin PBXSourcesBuildPhase section */
		C22E6A962F2CC89400CB6413 /* Sources */ = {
			isa = PBXSourcesBuildPhase;
			buildActionMask = 2147483647;
			files = (
			);
			runOnlyForDeploymentPostprocessing = 0;
		};
		C22E6AA32F2CC89500CB6413 /* Sources */ = {
			isa = PBXSourcesBuildPhase;
			buildActionMask = 2147483647;
			files = (
			);
			runOnlyForDeploymentPostprocessing = 0;
		};
		C22E6AAD2F2CC89500CB6413 /* Sources */ = {
			isa = PBXSourcesBuildPhase;
			buildActionMask = 2147483647;
			files = (
			);
			runOnlyForDeploymentPostprocessing = 0;
		};
/* End PBXSourcesBuildPhase section */

/* Begin PBXTargetDependency section */
		C22E6AA92F2CC89500CB6413 /* PBXTargetDependency */ = {
			isa = PBXTargetDependency;
			target = C22E6A992F2CC89400CB6413 /* CheckMate */;
			targetProxy = C22E6AA82F2CC89500CB6413 /* PBXContainerItemProxy */;
		};
		C22E6AB32F2CC89500CB6413 /* PBXTargetDependency */ = {
			isa = PBXTargetDependency;
			target = C22E6A992F2CC89400CB6413 /* CheckMate */;
			targetProxy = C22E6AB22F2CC89500CB6413 /* PBXContainerItemProxy */;
		};
/* End PBXTargetDependency section */

/* Begin XCBuildConfiguration section */
		C22E6AB92F2CC89500CB6413 /* Debug */ = {
			isa = XCBuildConfiguration;
			buildSettings = {
				ALWAYS_SEARCH_USER_PATHS = NO;
				ASSETCATALOG_COMPILER_GENERATE_SWIFT_ASSET_SYMBOL_EXTENSIONS = YES;
				CLANG_ANALYZER_NONNULL = YES;
				CLANG_ANALYZER_NUMBER_OBJECT_CONVERSION = YES_AGGRESSIVE;
				CLANG_CXX_LANGUAGE_STANDARD = "gnu++20";
				CLANG_ENABLE_MODULES = YES;
				CLANG_ENABLE_OBJC_ARC = YES;
				CLANG_ENABLE_OBJC_WEAK = YES;
				CLANG_WARN_BLOCK_CAPTURE_AUTORELEASING = YES;
				CLANG_WARN_BOOL_CONVERSION = YES;
				CLANG_WARN_COMMA = YES;
				CLANG_WARN_CONSTANT_CONVERSION = YES;
				CLANG_WARN_DEPRECATED_OBJC_IMPLEMENTATIONS = YES;
				CLANG_WARN_DIRECT_OBJC_ISA_USAGE = YES_ERROR;
				CLANG_WARN_DOCUMENTATION_COMMENTS = YES;
				CLANG_WARN_EMPTY_BODY = YES;
				CLANG_WARN_ENUM_CONVERSION = YES;
				CLANG_WARN_INFINITE_RECURSION = YES;
				CLANG_WARN_INT_CONVERSION = YES;
				CLANG_WARN_NON_LITERAL_NULL_CONVERSION = YES;
				CLANG_WARN_OBJC_IMPLICIT_RETAIN_SELF = YES;
				CLANG_WARN_OBJC_LITERAL_CONVERSION = YES;
				CLANG_WARN_OBJC_ROOT_CLASS = YES_ERROR;
				CLANG_WARN_QUOTED_INCLUDE_IN_FRAMEWORK_HEADER = YES;
				CLANG_WARN_RANGE_LOOP_ANALYSIS = YES;
				CLANG_WARN_STRICT_PROTOTYPES = YES;
				CLANG_WARN_SUSPICIOUS_MOVE = YES;
				CLANG_WARN_UNGUARDED_AVAILABILITY = YES_AGGRESSIVE;
				CLANG_WARN_UNREACHABLE_CODE = YES;
				CLANG_WARN__DUPLICATE_METHOD_MATCH = YES;
				COPY_PHASE_STRIP = NO;
				DEBUG_INFORMATION_FORMAT = dwarf;
				DEVELOPMENT_TEAM = HT74ZXZB82;
				ENABLE_STRICT_OBJC_MSGSEND = YES;
				ENABLE_TESTABILITY = YES;
				ENABLE_USER_SCRIPT_SANDBOXING = YES;
				GCC_C_LANGUAGE_STANDARD = gnu17;
				GCC_DYNAMIC_NO_PIC = NO;
				GCC_NO_COMMON_BLOCKS = YES;
				GCC_OPTIMIZATION_LEVEL = 0;
				GCC_PREPROCESSOR_DEFINITIONS = (
					"DEBUG=1",
					"$(inherited)",
				);
				GCC_WARN_64_TO_32_BIT_CONVERSION = YES;
				GCC_WARN_ABOUT_RETURN_TYPE = YES_ERROR;
				GCC_WARN_UNDECLARED_SELECTOR = YES;
				GCC_WARN_UNINITIALIZED_AUTOS = YES_AGGRESSIVE;
				GCC_WARN_UNUSED_FUNCTION = YES;
				GCC_WARN_UNUSED_VARIABLE = YES;
				IPHONEOS_DEPLOYMENT_TARGET = 16.6;
				LOCALIZATION_PREFERS_STRING_CATALOGS = YES;
				MTL_ENABLE_DEBUG_INFO = INCLUDE_SOURCE;
				MTL_FAST_MATH = YES;
				ONLY_ACTIVE_ARCH = YES;
				SDKROOT = iphoneos;
				SWIFT_ACTIVE_COMPILATION_CONDITIONS = "DEBUG $(inherited)";
				SWIFT_OPTIMIZATION_LEVEL = "-Onone";
			};
			name = Debug;
		};
		C22E6ABA2F2CC89500CB6413 /* Release */ = {
			isa = XCBuildConfiguration;
			buildSettings = {
				ALWAYS_SEARCH_USER_PATHS = NO;
				ASSETCATALOG_COMPILER_GENERATE_SWIFT_ASSET_SYMBOL_EXTENSIONS = YES;
				CLANG_ANALYZER_NONNULL = YES;
				CLANG_ANALYZER_NUMBER_OBJECT_CONVERSION = YES_AGGRESSIVE;
				CLANG_CXX_LANGUAGE_STANDARD = "gnu++20";
				CLANG_ENABLE_MODULES = YES;
				CLANG_ENABLE_OBJC_ARC = YES;
				CLANG_ENABLE_OBJC_WEAK = YES;
				CLANG_WARN_BLOCK_CAPTURE_AUTORELEASING = YES;
				CLANG_WARN_BOOL_CONVERSION = YES;
				CLANG_WARN_COMMA = YES;
				CLANG_WARN_CONSTANT_CONVERSION = YES;
				CLANG_WARN_DEPRECATED_OBJC_IMPLEMENTATIONS = YES;
				CLANG_WARN_DIRECT_OBJC_ISA_USAGE = YES_ERROR;
				CLANG_WARN_DOCUMENTATION_COMMENTS = YES;
				CLANG_WARN_EMPTY_BODY = YES;
				CLANG_WARN_ENUM_CONVERSION = YES;
				CLANG_WARN_INFINITE_RECURSION = YES;
				CLANG_WARN_INT_CONVERSION = YES;
				CLANG_WARN_NON_LITERAL_NULL_CONVERSION = YES;
				CLANG_WARN_OBJC_IMPLICIT_RETAIN_SELF = YES;
				CLANG_WARN_OBJC_LITERAL_CONVERSION = YES;
				CLANG_WARN_OBJC_ROOT_CLASS = YES_ERROR;
				CLANG_WARN_QUOTED_INCLUDE_IN_FRAMEWORK_HEADER = YES;
				CLANG_WARN_RANGE_LOOP_ANALYSIS = YES;
				CLANG_WARN_STRICT_PROTOTYPES = YES;
				CLANG_WARN_SUSPICIOUS_MOVE = YES;
				CLANG_WARN_UNGUARDED_AVAILABILITY = YES_AGGRESSIVE;
				CLANG_WARN_UNREACHABLE_CODE = YES;
				CLANG_WARN__DUPLICATE_METHOD_MATCH = YES;
				COPY_PHASE_STRIP = NO;
				DEBUG_INFORMATION_FORMAT = "dwarf-with-dsym";
				DEVELOPMENT_TEAM = HT74ZXZB82;
				ENABLE_NS_ASSERTIONS = NO;
				ENABLE_STRICT_OBJC_MSGSEND = YES;
				ENABLE_USER_SCRIPT_SANDBOXING = YES;
				GCC_C_LANGUAGE_STANDARD = gnu17;
				GCC_NO_COMMON_BLOCKS = YES;
				GCC_WARN_64_TO_32_BIT_CONVERSION = YES;
				GCC_WARN_ABOUT_RETURN_TYPE = YES_ERROR;
				GCC_WARN_UNDECLARED_SELECTOR = YES;
				GCC_WARN_UNINITIALIZED_AUTOS = YES_AGGRESSIVE;
				GCC_WARN_UNUSED_FUNCTION = YES;
				GCC_WARN_UNUSED_VARIABLE = YES;
				IPHONEOS_DEPLOYMENT_TARGET = 16.6;
				LOCALIZATION_PREFERS_STRING_CATALOGS = YES;
				MTL_ENABLE_DEBUG_INFO = NO;
				MTL_FAST_MATH = YES;
				SDKROOT = iphoneos;
				SWIFT_COMPILATION_MODE = wholemodule;
				VALIDATE_PRODUCT = YES;
			};
			name = Release;
		};
		C22E6ABC2F2CC89500CB6413 /* Debug */ = {
			isa = XCBuildConfiguration;
			buildSettings = {
				ASSETCATALOG_COMPILER_APPICON_NAME = AppIcon;
				ASSETCATALOG_COMPILER_GLOBAL_ACCENT_COLOR_NAME = AccentColor;
				CODE_SIGN_ENTITLEMENTS = CheckMate/CheckMate.entitlements;
				CODE_SIGN_STYLE = Automatic;
				CURRENT_PROJECT_VERSION = 1;
				DEVELOPMENT_TEAM = US92AKFW63;
				ENABLE_PREVIEWS = YES;
				GENERATE_INFOPLIST_FILE = NO;
				INFOPLIST_FILE = CheckMate/Info.plist;
				INFOPLIST_KEY_UIApplicationSceneManifest_Generation = YES;
				INFOPLIST_KEY_UIApplicationSupportsIndirectInputEvents = YES;
				INFOPLIST_KEY_UILaunchScreen_Generation = YES;
				INFOPLIST_KEY_UISupportedInterfaceOrientations = UIInterfaceOrientationPortrait;
				INFOPLIST_KEY_UISupportedInterfaceOrientations_iPad = "UIInterfaceOrientationLandscapeLeft UIInterfaceOrientationLandscapeRight UIInterfaceOrientationPortrait UIInterfaceOrientationPortraitUpsideDown";
				IPHONEOS_DEPLOYMENT_TARGET = 16.1;
				LD_RUNPATH_SEARCH_PATHS = (
					"$(inherited)",
					"@executable_path/Frameworks",
				);
				MARKETING_VERSION = 1.0;
				PRODUCT_BUNDLE_IDENTIFIER = com.ljoukov.CheckMate;
				PRODUCT_NAME = "$(TARGET_NAME)";
				STRING_CATALOG_GENERATE_SYMBOLS = YES;
				SUPPORTED_PLATFORMS = "iphoneos iphonesimulator";
				SUPPORTS_MACCATALYST = NO;
				SUPPORTS_MAC_DESIGNED_FOR_IPHONE_IPAD = NO;
				SUPPORTS_XR_DESIGNED_FOR_IPHONE_IPAD = NO;
				SWIFT_APPROACHABLE_CONCURRENCY = YES;
				SWIFT_DEFAULT_ACTOR_ISOLATION = Nonisolated;
				SWIFT_EMIT_LOC_STRINGS = YES;
				SWIFT_UPCOMING_FEATURE_MEMBER_IMPORT_VISIBILITY = YES;
				SWIFT_VERSION = 5.0;
				TARGETED_DEVICE_FAMILY = "1,2";
			};
			name = Debug;
		};
		C22E6ABD2F2CC89500CB6413 /* Release */ = {
			isa = XCBuildConfiguration;
			buildSettings = {
				ASSETCATALOG_COMPILER_APPICON_NAME = AppIcon;
				ASSETCATALOG_COMPILER_GLOBAL_ACCENT_COLOR_NAME = AccentColor;
				CODE_SIGN_ENTITLEMENTS = CheckMate/CheckMate.entitlements;
				CODE_SIGN_STYLE = Automatic;
				CURRENT_PROJECT_VERSION = 1;
				DEVELOPMENT_TEAM = US92AKFW63;
				ENABLE_PREVIEWS = YES;
				GENERATE_INFOPLIST_FILE = NO;
				INFOPLIST_FILE = CheckMate/Info.plist;
				INFOPLIST_KEY_UIApplicationSceneManifest_Generation = YES;
				INFOPLIST_KEY_UIApplicationSupportsIndirectInputEvents = YES;
				INFOPLIST_KEY_UILaunchScreen_Generation = YES;
				INFOPLIST_KEY_UISupportedInterfaceOrientations = UIInterfaceOrientationPortrait;
				INFOPLIST_KEY_UISupportedInterfaceOrientations_iPad = "UIInterfaceOrientationLandscapeLeft UIInterfaceOrientationLandscapeRight UIInterfaceOrientationPortrait UIInterfaceOrientationPortraitUpsideDown";
				IPHONEOS_DEPLOYMENT_TARGET = 16.1;
				LD_RUNPATH_SEARCH_PATHS = (
					"$(inherited)",
					"@executable_path/Frameworks",
				);
				MARKETING_VERSION = 1.0;
				PRODUCT_BUNDLE_IDENTIFIER = com.ljoukov.CheckMate;
				PRODUCT_NAME = "$(TARGET_NAME)";
				STRING_CATALOG_GENERATE_SYMBOLS = YES;
				SUPPORTED_PLATFORMS = "iphoneos iphonesimulator";
				SUPPORTS_MACCATALYST = NO;
				SUPPORTS_MAC_DESIGNED_FOR_IPHONE_IPAD = NO;
				SUPPORTS_XR_DESIGNED_FOR_IPHONE_IPAD = NO;
				SWIFT_APPROACHABLE_CONCURRENCY = YES;
				SWIFT_DEFAULT_ACTOR_ISOLATION = Nonisolated;
				SWIFT_EMIT_LOC_STRINGS = YES;
				SWIFT_UPCOMING_FEATURE_MEMBER_IMPORT_VISIBILITY = YES;
				SWIFT_VERSION = 5.0;
				TARGETED_DEVICE_FAMILY = "1,2";
			};
			name = Release;
		};
		C22E6ABF2F2CC89500CB6413 /* Debug */ = {
			isa = XCBuildConfiguration;
			buildSettings = {
				BUNDLE_LOADER = "$(TEST_HOST)";
				CODE_SIGN_STYLE = Automatic;
				CURRENT_PROJECT_VERSION = 1;
				DEVELOPMENT_TEAM = US92AKFW63;
				GENERATE_INFOPLIST_FILE = YES;
				IPHONEOS_DEPLOYMENT_TARGET = 26.0;
				MARKETING_VERSION = 1.0;
				PRODUCT_BUNDLE_IDENTIFIER = com.ljoukov.CheckMateTests;
				PRODUCT_NAME = "$(TARGET_NAME)";
				STRING_CATALOG_GENERATE_SYMBOLS = NO;
				SWIFT_APPROACHABLE_CONCURRENCY = YES;
				SWIFT_EMIT_LOC_STRINGS = NO;
				SWIFT_UPCOMING_FEATURE_MEMBER_IMPORT_VISIBILITY = YES;
				SWIFT_VERSION = 5.0;
				TARGETED_DEVICE_FAMILY = "1,2";
				TEST_HOST = "$(BUILT_PRODUCTS_DIR)/CheckMate.app/$(BUNDLE_EXECUTABLE_FOLDER_PATH)/CheckMate";
			};
			name = Debug;
		};
		C22E6AC02F2CC89500CB6413 /* Release */ = {
			isa = XCBuildConfiguration;
			buildSettings = {
				BUNDLE_LOADER = "$(TEST_HOST)";
				CODE_SIGN_STYLE = Automatic;
				CURRENT_PROJECT_VERSION = 1;
				DEVELOPMENT_TEAM = US92AKFW63;
				GENERATE_INFOPLIST_FILE = YES;
				IPHONEOS_DEPLOYMENT_TARGET = 26.0;
				MARKETING_VERSION = 1.0;
				PRODUCT_BUNDLE_IDENTIFIER = com.ljoukov.CheckMateTests;
				PRODUCT_NAME = "$(TARGET_NAME)";
				STRING_CATALOG_GENERATE_SYMBOLS = NO;
				SWIFT_APPROACHABLE_CONCURRENCY = YES;
				SWIFT_EMIT_LOC_STRINGS = NO;
				SWIFT_UPCOMING_FEATURE_MEMBER_IMPORT_VISIBILITY = YES;
				SWIFT_VERSION = 5.0;
				TARGETED_DEVICE_FAMILY = "1,2";
				TEST_HOST = "$(BUILT_PRODUCTS_DIR)/CheckMate.app/$(BUNDLE_EXECUTABLE_FOLDER_PATH)/CheckMate";
			};
			name = Release;
		};
		C22E6AC22F2CC89500CB6413 /* Debug */ = {
			isa = XCBuildConfiguration;
			buildSettings = {
				CODE_SIGN_STYLE = Automatic;
				CURRENT_PROJECT_VERSION = 1;
				DEVELOPMENT_TEAM = US92AKFW63;
				GENERATE_INFOPLIST_FILE = YES;
				MARKETING_VERSION = 1.0;
				PRODUCT_BUNDLE_IDENTIFIER = com.ljoukov.CheckMateUITests;
				PRODUCT_NAME = "$(TARGET_NAME)";
				STRING_CATALOG_GENERATE_SYMBOLS = NO;
				SWIFT_APPROACHABLE_CONCURRENCY = YES;
				SWIFT_EMIT_LOC_STRINGS = NO;
				SWIFT_UPCOMING_FEATURE_MEMBER_IMPORT_VISIBILITY = YES;
				SWIFT_VERSION = 5.0;
				TARGETED_DEVICE_FAMILY = "1,2";
				TEST_TARGET_NAME = CheckMate;
			};
			name = Debug;
		};
		C22E6AC32F2CC89500CB6413 /* Release */ = {
			isa = XCBuildConfiguration;
			buildSettings = {
				CODE_SIGN_STYLE = Automatic;
				CURRENT_PROJECT_VERSION = 1;
				DEVELOPMENT_TEAM = US92AKFW63;
				GENERATE_INFOPLIST_FILE = YES;
				MARKETING_VERSION = 1.0;
				PRODUCT_BUNDLE_IDENTIFIER = com.ljoukov.CheckMateUITests;
				PRODUCT_NAME = "$(TARGET_NAME)";
				STRING_CATALOG_GENERATE_SYMBOLS = NO;
				SWIFT_APPROACHABLE_CONCURRENCY = YES;
				SWIFT_EMIT_LOC_STRINGS = NO;
				SWIFT_UPCOMING_FEATURE_MEMBER_IMPORT_VISIBILITY = YES;
				SWIFT_VERSION = 5.0;
				TARGETED_DEVICE_FAMILY = "1,2";
				TEST_TARGET_NAME = CheckMate;
			};
			name = Release;
		};
/* End XCBuildConfiguration section */

/* Begin XCConfigurationList section */
		C22E6A952F2CC89400CB6413 /* Build configuration list for PBXProject "CheckMate" */ = {
			isa = XCConfigurationList;
			buildConfigurations = (
				C22E6AB92F2CC89500CB6413 /* Debug */,
				C22E6ABA2F2CC89500CB6413 /* Release */,
			);
			defaultConfigurationIsVisible = 0;
			defaultConfigurationName = Release;
		};
		C22E6ABB2F2CC89500CB6413 /* Build configuration list for PBXNativeTarget "CheckMate" */ = {
			isa = XCConfigurationList;
			buildConfigurations = (
				C22E6ABC2F2CC89500CB6413 /* Debug */,
				C22E6ABD2F2CC89500CB6413 /* Release */,
			);
			defaultConfigurationIsVisible = 0;
			defaultConfigurationName = Release;
		};
		C22E6ABE2F2CC89500CB6413 /* Build configuration list for PBXNativeTarget "CheckMateTests" */ = {
			isa = XCConfigurationList;
			buildConfigurations = (
				C22E6ABF2F2CC89500CB6413 /* Debug */,
				C22E6AC02F2CC89500CB6413 /* Release */,
			);
			defaultConfigurationIsVisible = 0;
			defaultConfigurationName = Release;
		};
		C22E6AC12F2CC89500CB6413 /* Build configuration list for PBXNativeTarget "CheckMateUITests" */ = {
			isa = XCConfigurationList;
			buildConfigurations = (
				C22E6AC22F2CC89500CB6413 /* Debug */,
				C22E6AC32F2CC89500CB6413 /* Release */,
			);
			defaultConfigurationIsVisible = 0;
			defaultConfigurationName = Release;
		};
/* End XCConfigurationList section */

/* Begin XCRemoteSwiftPackageReference section */
		3416A0855CD1454B23419347 /* XCRemoteSwiftPackageReference "GoogleSignIn-iOS" */ = {
			isa = XCRemoteSwiftPackageReference;
			repositoryURL = "https://github.com/google/GoogleSignIn-iOS";
			requirement = {
				kind = upToNextMajorVersion;
				minimumVersion = 9.0.0;
			};
		};
		C22E6AC42F2CD62800CB6413 /* XCRemoteSwiftPackageReference "firebase-ios-sdk" */ = {
			isa = XCRemoteSwiftPackageReference;
			repositoryURL = "https://github.com/firebase/firebase-ios-sdk";
			requirement = {
				kind = upToNextMajorVersion;
				minimumVersion = 12.8.0;
			};
		};
		C250A9D42F2D2E7400681648 /* XCRemoteSwiftPackageReference "connect-swift" */ = {
			isa = XCRemoteSwiftPackageReference;
			repositoryURL = "https://github.com/connectrpc/connect-swift";
			requirement = {
				kind = upToNextMajorVersion;
				minimumVersion = 1.2.0;
			};
		};
		C29F38F62F2D18EF00163F1C /* XCRemoteSwiftPackageReference "swift-protobuf" */ = {
			isa = XCRemoteSwiftPackageReference;
			repositoryURL = "https://github.com/apple/swift-protobuf";
			requirement = {
				kind = upToNextMajorVersion;
				minimumVersion = 1.33.3;
			};
		};
/* End XCRemoteSwiftPackageReference section */

/* Begin XCSwiftPackageProductDependency section */
		C22E6AC52F2CD62800CB6413 /* FirebaseAuth */ = {
			isa = XCSwiftPackageProductDependency;
			package = C22E6AC42F2CD62800CB6413 /* XCRemoteSwiftPackageReference "firebase-ios-sdk" */;
			productName = FirebaseAuth;
		};
		C22E6AC72F2CD62800CB6413 /* FirebaseFirestore */ = {
			isa = XCSwiftPackageProductDependency;
			package = C22E6AC42F2CD62800CB6413 /* XCRemoteSwiftPackageReference "firebase-ios-sdk" */;
			productName = FirebaseFirestore;
		};
		C250A9D52F2D2E7400681648 /* Connect */ = {
			isa = XCSwiftPackageProductDependency;
			package = C250A9D42F2D2E7400681648 /* XCRemoteSwiftPackageReference "connect-swift" */;
			productName = Connect;
		};
		C29F38F72F2D18EF00163F1C /* SwiftProtobuf */ = {
			isa = XCSwiftPackageProductDependency;
			package = C29F38F62F2D18EF00163F1C /* XCRemoteSwiftPackageReference "swift-protobuf" */;
			productName = SwiftProtobuf;
		};
		F18EC7766AF8507ADB404C4E /* GoogleSignIn */ = {
			isa = XCSwiftPackageProductDependency;
			package = 3416A0855CD1454B23419347 /* XCRemoteSwiftPackageReference "GoogleSignIn-iOS" */;
			productName = GoogleSignIn;
		};
/* End XCSwiftPackageProductDependency section */
	};
	rootObject = C22E6A922F2CC89400CB6413 /* Project object */;
}
